// !$*UTF8*$!
{
	archiveVersion = 1;
	classes = {
	};
	objectVersion = 50;
	objects = {

/* Begin PBXBuildFile section */
		07222C3121D355ED00D54886 /* AppDelegate.swift in Sources */ = {isa = PBXBuildFile; fileRef = 07222C3021D355ED00D54886 /* AppDelegate.swift */; };
		07222C3321D355ED00D54886 /* ViewController.swift in Sources */ = {isa = PBXBuildFile; fileRef = 07222C3221D355ED00D54886 /* ViewController.swift */; };
		07222C3621D355ED00D54886 /* Main.storyboard in Resources */ = {isa = PBXBuildFile; fileRef = 07222C3421D355ED00D54886 /* Main.storyboard */; };
		07222C3821D355EE00D54886 /* Assets.xcassets in Resources */ = {isa = PBXBuildFile; fileRef = 07222C3721D355EE00D54886 /* Assets.xcassets */; };
		07222C3B21D355EE00D54886 /* LaunchScreen.storyboard in Resources */ = {isa = PBXBuildFile; fileRef = 07222C3921D355EE00D54886 /* LaunchScreen.storyboard */; };
		07222C4621D355EF00D54886 /* ProtocolGetSetVarLetTests.swift in Sources */ = {isa = PBXBuildFile; fileRef = 07222C4521D355EF00D54886 /* ProtocolGetSetVarLetTests.swift */; };
/* End PBXBuildFile section */

/* Begin PBXContainerItemProxy section */
		07222C4221D355EF00D54886 /* PBXContainerItemProxy */ = {
			isa = PBXContainerItemProxy;
			containerPortal = 07222C2521D355ED00D54886 /* Project object */;
			proxyType = 1;
			remoteGlobalIDString = 07222C2C21D355ED00D54886;
			remoteInfo = ProtocolGetSetVarLet;
		};
/* End PBXContainerItemProxy section */

/* Begin PBXFileReference section */
		07222C2D21D355ED00D54886 /* ProtocolGetSetVarLet.app */ = {isa = PBXFileReference; explicitFileType = wrapper.application; includeInIndex = 0; path = ProtocolGetSetVarLet.app; sourceTree = BUILT_PRODUCTS_DIR; };
		07222C3021D355ED00D54886 /* AppDelegate.swift */ = {isa = PBXFileReference; lastKnownFileType = sourcecode.swift; path = AppDelegate.swift; sourceTree = "<group>"; };
		07222C3221D355ED00D54886 /* ViewController.swift */ = {isa = PBXFileReference; lastKnownFileType = sourcecode.swift; path = ViewController.swift; sourceTree = "<group>"; };
		07222C3521D355ED00D54886 /* Base */ = {isa = PBXFileReference; lastKnownFileType = file.storyboard; name = Base; path = Base.lproj/Main.storyboard; sourceTree = "<group>"; };
		07222C3721D355EE00D54886 /* Assets.xcassets */ = {isa = PBXFileReference; lastKnownFileType = folder.assetcatalog; path = Assets.xcassets; sourceTree = "<group>"; };
		07222C3A21D355EE00D54886 /* Base */ = {isa = PBXFileReference; lastKnownFileType = file.storyboard; name = Base; path = Base.lproj/LaunchScreen.storyboard; sourceTree = "<group>"; };
		07222C3C21D355EE00D54886 /* Info.plist */ = {isa = PBXFileReference; lastKnownFileType = text.plist.xml; path = Info.plist; sourceTree = "<group>"; };
		07222C4121D355EF00D54886 /* ProtocolGetSetVarLetTests.xctest */ = {isa = PBXFileReference; explicitFileType = wrapper.cfbundle; includeInIndex = 0; path = ProtocolGetSetVarLetTests.xctest; sourceTree = BUILT_PRODUCTS_DIR; };
		07222C4521D355EF00D54886 /* ProtocolGetSetVarLetTests.swift */ = {isa = PBXFileReference; lastKnownFileType = sourcecode.swift; path = ProtocolGetSetVarLetTests.swift; sourceTree = "<group>"; };
		07222C4721D355EF00D54886 /* Info.plist */ = {isa = PBXFileReference; lastKnownFileType = text.plist.xml; path = Info.plist; sourceTree = "<group>"; };
/* End PBXFileReference section */

/* Begin PBXFrameworksBuildPhase section */
		07222C2A21D355ED00D54886 /* Frameworks */ = {
			isa = PBXFrameworksBuildPhase;
			buildActionMask = 2147483647;
			files = (
			);
			runOnlyForDeploymentPostprocessing = 0;
		};
		07222C3E21D355EF00D54886 /* Frameworks */ = {
			isa = PBXFrameworksBuildPhase;
			buildActionMask = 2147483647;
			files = (
			);
			runOnlyForDeploymentPostprocessing = 0;
		};
/* End PBXFrameworksBuildPhase section */

/* Begin PBXGroup section */
		07222C2421D355ED00D54886 = {
			isa = PBXGroup;
			children = (
				07222C2F21D355ED00D54886 /* ProtocolGetSetVarLet */,
				07222C4421D355EF00D54886 /* ProtocolGetSetVarLetTests */,
				07222C2E21D355ED00D54886 /* Products */,
			);
			sourceTree = "<group>";
		};
		07222C2E21D355ED00D54886 /* Products */ = {
			isa = PBXGroup;
			children = (
				07222C2D21D355ED00D54886 /* ProtocolGetSetVarLet.app */,
				07222C4121D355EF00D54886 /* ProtocolGetSetVarLetTests.xctest */,
			);
			name = Products;
			sourceTree = "<group>";
		};
		07222C2F21D355ED00D54886 /* ProtocolGetSetVarLet */ = {
			isa = PBXGroup;
			children = (
				07222C3021D355ED00D54886 /* AppDelegate.swift */,
				07222C3221D355ED00D54886 /* ViewController.swift */,
				07222C3421D355ED00D54886 /* Main.storyboard */,
				07222C3721D355EE00D54886 /* Assets.xcassets */,
				07222C3921D355EE00D54886 /* LaunchScreen.storyboard */,
				07222C3C21D355EE00D54886 /* Info.plist */,
			);
			path = ProtocolGetSetVarLet;
			sourceTree = "<group>";
		};
		07222C4421D355EF00D54886 /* ProtocolGetSetVarLetTests */ = {
			isa = PBXGroup;
			children = (
				07222C4521D355EF00D54886 /* ProtocolGetSetVarLetTests.swift */,
				07222C4721D355EF00D54886 /* Info.plist */,
			);
			path = ProtocolGetSetVarLetTests;
			sourceTree = "<group>";
		};
/* End PBXGroup section */

/* Begin PBXNativeTarget section */
		07222C2C21D355ED00D54886 /* ProtocolGetSetVarLet */ = {
			isa = PBXNativeTarget;
			buildConfigurationList = 07222C4A21D355EF00D54886 /* Build configuration list for PBXNativeTarget "ProtocolGetSetVarLet" */;
			buildPhases = (
				07222C2921D355ED00D54886 /* Sources */,
				07222C2A21D355ED00D54886 /* Frameworks */,
				07222C2B21D355ED00D54886 /* Resources */,
			);
			buildRules = (
			);
			dependencies = (
			);
			name = ProtocolGetSetVarLet;
			productName = ProtocolGetSetVarLet;
			productReference = 07222C2D21D355ED00D54886 /* ProtocolGetSetVarLet.app */;
			productType = "com.apple.product-type.application";
		};
		07222C4021D355EF00D54886 /* ProtocolGetSetVarLetTests */ = {
			isa = PBXNativeTarget;
			buildConfigurationList = 07222C4D21D355EF00D54886 /* Build configuration list for PBXNativeTarget "ProtocolGetSetVarLetTests" */;
			buildPhases = (
				07222C3D21D355EF00D54886 /* Sources */,
				07222C3E21D355EF00D54886 /* Frameworks */,
				07222C3F21D355EF00D54886 /* Resources */,
			);
			buildRules = (
			);
			dependencies = (
				07222C4321D355EF00D54886 /* PBXTargetDependency */,
			);
			name = ProtocolGetSetVarLetTests;
			productName = ProtocolGetSetVarLetTests;
			productReference = 07222C4121D355EF00D54886 /* ProtocolGetSetVarLetTests.xctest */;
			productType = "com.apple.product-type.bundle.unit-test";
		};
/* End PBXNativeTarget section */

/* Begin PBXProject section */
		07222C2521D355ED00D54886 /* Project object */ = {
			isa = PBXProject;
			attributes = {
				LastSwiftUpdateCheck = 1010;
				LastUpgradeCheck = 1010;
				ORGANIZATIONNAME = Milos;
				TargetAttributes = {
					07222C2C21D355ED00D54886 = {
						CreatedOnToolsVersion = 10.1;
					};
					07222C4021D355EF00D54886 = {
						CreatedOnToolsVersion = 10.1;
						TestTargetID = 07222C2C21D355ED00D54886;
					};
				};
			};
			buildConfigurationList = 07222C2821D355ED00D54886 /* Build configuration list for PBXProject "ProtocolGetSetVarLet" */;
			compatibilityVersion = "Xcode 9.3";
			developmentRegion = en;
			hasScannedForEncodings = 0;
			knownRegions = (
				en,
				Base,
			);
			mainGroup = 07222C2421D355ED00D54886;
			productRefGroup = 07222C2E21D355ED00D54886 /* Products */;
			projectDirPath = "";
			projectRoot = "";
			targets = (
				07222C2C21D355ED00D54886 /* ProtocolGetSetVarLet */,
				07222C4021D355EF00D54886 /* ProtocolGetSetVarLetTests */,
			);
		};
/* End PBXProject section */

/* Begin PBXResourcesBuildPhase section */
		07222C2B21D355ED00D54886 /* Resources */ = {
			isa = PBXResourcesBuildPhase;
			buildActionMask = 2147483647;
			files = (
				07222C3B21D355EE00D54886 /* LaunchScreen.storyboard in Resources */,
				07222C3821D355EE00D54886 /* Assets.xcassets in Resources */,
				07222C3621D355ED00D54886 /* Main.storyboard in Resources */,
			);
			runOnlyForDeploymentPostprocessing = 0;
		};
		07222C3F21D355EF00D54886 /* Resources */ = {
			isa = PBXResourcesBuildPhase;
			buildActionMask = 2147483647;
			files = (
			);
			runOnlyForDeploymentPostprocessing = 0;
		};
/* End PBXResourcesBuildPhase section */

/* Begin PBXSourcesBuildPhase section */
		07222C2921D355ED00D54886 /* Sources */ = {
			isa = PBXSourcesBuildPhase;
			buildActionMask = 2147483647;
			files = (
				07222C3321D355ED00D54886 /* ViewController.swift in Sources */,
				07222C3121D355ED00D54886 /* AppDelegate.swift in Sources */,
			);
			runOnlyForDeploymentPostprocessing = 0;
		};
		07222C3D21D355EF00D54886 /* Sources */ = {
			isa = PBXSourcesBuildPhase;
			buildActionMask = 2147483647;
			files = (
				07222C4621D355EF00D54886 /* ProtocolGetSetVarLetTests.swift in Sources */,
			);
			runOnlyForDeploymentPostprocessing = 0;
		};
/* End PBXSourcesBuildPhase section */

/* Begin PBXTargetDependency section */
		07222C4321D355EF00D54886 /* PBXTargetDependency */ = {
			isa = PBXTargetDependency;
			target = 07222C2C21D355ED00D54886 /* ProtocolGetSetVarLet */;
			targetProxy = 07222C4221D355EF00D54886 /* PBXContainerItemProxy */;
		};
/* End PBXTargetDependency section */

/* Begin PBXVariantGroup section */
		07222C3421D355ED00D54886 /* Main.storyboard */ = {
			isa = PBXVariantGroup;
			children = (
				07222C3521D355ED00D54886 /* Base */,
			);
			name = Main.storyboard;
			sourceTree = "<group>";
		};
		07222C3921D355EE00D54886 /* LaunchScreen.storyboard */ = {
			isa = PBXVariantGroup;
			children = (
				07222C3A21D355EE00D54886 /* Base */,
			);
			name = LaunchScreen.storyboard;
			sourceTree = "<group>";
		};
/* End PBXVariantGroup section */

/* Begin XCBuildConfiguration section */
		07222C4821D355EF00D54886 /* Debug */ = {
			isa = XCBuildConfiguration;
			buildSettings = {
				ALWAYS_SEARCH_USER_PATHS = NO;
				CLANG_ANALYZER_NONNULL = YES;
				CLANG_ANALYZER_NUMBER_OBJECT_CONVERSION = YES_AGGRESSIVE;
				CLANG_CXX_LANGUAGE_STANDARD = "gnu++14";
				CLANG_CXX_LIBRARY = "libc++";
				CLANG_ENABLE_MODULES = YES;
				CLANG_ENABLE_OBJC_ARC = YES;
				CLANG_ENABLE_OBJC_WEAK = YES;
				CLANG_WARN_BLOCK_CAPTURE_AUTORELEASING = YES;
				CLANG_WARN_BOOL_CONVERSION = YES;
				CLANG_WARN_COMMA = YES;
				CLANG_WARN_CONSTANT_CONVERSION = YES;
				CLANG_WARN_DEPRECATED_OBJC_IMPLEMENTATIONS = YES;
				CLANG_WARN_DIRECT_OBJC_ISA_USAGE = YES_ERROR;
				CLANG_WARN_DOCUMENTATION_COMMENTS = YES;
				CLANG_WARN_EMPTY_BODY = YES;
				CLANG_WARN_ENUM_CONVERSION = YES;
				CLANG_WARN_INFINITE_RECURSION = YES;
				CLANG_WARN_INT_CONVERSION = YES;
				CLANG_WARN_NON_LITERAL_NULL_CONVERSION = YES;
				CLANG_WARN_OBJC_IMPLICIT_RETAIN_SELF = YES;
				CLANG_WARN_OBJC_LITERAL_CONVERSION = YES;
				CLANG_WARN_OBJC_ROOT_CLASS = YES_ERROR;
				CLANG_WARN_RANGE_LOOP_ANALYSIS = YES;
				CLANG_WARN_STRICT_PROTOTYPES = YES;
				CLANG_WARN_SUSPICIOUS_MOVE = YES;
				CLANG_WARN_UNGUARDED_AVAILABILITY = YES_AGGRESSIVE;
				CLANG_WARN_UNREACHABLE_CODE = YES;
				CLANG_WARN__DUPLICATE_METHOD_MATCH = YES;
				CODE_SIGN_IDENTITY = "iPhone Developer";
				COPY_PHASE_STRIP = NO;
				DEBUG_INFORMATION_FORMAT = dwarf;
				ENABLE_STRICT_OBJC_MSGSEND = YES;
				ENABLE_TESTABILITY = YES;
				GCC_C_LANGUAGE_STANDARD = gnu11;
				GCC_DYNAMIC_NO_PIC = NO;
				GCC_NO_COMMON_BLOCKS = YES;
				GCC_OPTIMIZATION_LEVEL = 0;
				GCC_PREPROCESSOR_DEFINITIONS = (
					"DEBUG=1",
					"$(inherited)",
				);
				GCC_WARN_64_TO_32_BIT_CONVERSION = YES;
				GCC_WARN_ABOUT_RETURN_TYPE = YES_ERROR;
				GCC_WARN_UNDECLARED_SELECTOR = YES;
				GCC_WARN_UNINITIALIZED_AUTOS = YES_AGGRESSIVE;
				GCC_WARN_UNUSED_FUNCTION = YES;
				GCC_WARN_UNUSED_VARIABLE = YES;
				IPHONEOS_DEPLOYMENT_TARGET = 12.1;
				MTL_ENABLE_DEBUG_INFO = INCLUDE_SOURCE;
				MTL_FAST_MATH = YES;
				ONLY_ACTIVE_ARCH = YES;
				SDKROOT = iphoneos;
				SWIFT_ACTIVE_COMPILATION_CONDITIONS = DEBUG;
				SWIFT_OPTIMIZATION_LEVEL = "-Onone";
			};
			name = Debug;
		};
		07222C4921D355EF00D54886 /* Release */ = {
			isa = XCBuildConfiguration;
			buildSettings = {
				ALWAYS_SEARCH_USER_PATHS = NO;
				CLANG_ANALYZER_NONNULL = YES;
				CLANG_ANALYZER_NUMBER_OBJECT_CONVERSION = YES_AGGRESSIVE;
				CLANG_CXX_LANGUAGE_STANDARD = "gnu++14";
				CLANG_CXX_LIBRARY = "libc++";
				CLANG_ENABLE_MODULES = YES;
				CLANG_ENABLE_OBJC_ARC = YES;
				CLANG_ENABLE_OBJC_WEAK = YES;
				CLANG_WARN_BLOCK_CAPTURE_AUTORELEASING = YES;
				CLANG_WARN_BOOL_CONVERSION = YES;
				CLANG_WARN_COMMA = YES;
				CLANG_WARN_CONSTANT_CONVERSION = YES;
				CLANG_WARN_DEPRECATED_OBJC_IMPLEMENTATIONS = YES;
				CLANG_WARN_DIRECT_OBJC_ISA_USAGE = YES_ERROR;
				CLANG_WARN_DOCUMENTATION_COMMENTS = YES;
				CLANG_WARN_EMPTY_BODY = YES;
				CLANG_WARN_ENUM_CONVERSION = YES;
				CLANG_WARN_INFINITE_RECURSION = YES;
				CLANG_WARN_INT_CONVERSION = YES;
				CLANG_WARN_NON_LITERAL_NULL_CONVERSION = YES;
				CLANG_WARN_OBJC_IMPLICIT_RETAIN_SELF = YES;
				CLANG_WARN_OBJC_LITERAL_CONVERSION = YES;
				CLANG_WARN_OBJC_ROOT_CLASS = YES_ERROR;
				CLANG_WARN_RANGE_LOOP_ANALYSIS = YES;
				CLANG_WARN_STRICT_PROTOTYPES = YES;
				CLANG_WARN_SUSPICIOUS_MOVE = YES;
				CLANG_WARN_UNGUARDED_AVAILABILITY = YES_AGGRESSIVE;
				CLANG_WARN_UNREACHABLE_CODE = YES;
				CLANG_WARN__DUPLICATE_METHOD_MATCH = YES;
				CODE_SIGN_IDENTITY = "iPhone Developer";
				COPY_PHASE_STRIP = NO;
				DEBUG_INFORMATION_FORMAT = "dwarf-with-dsym";
				ENABLE_NS_ASSERTIONS = NO;
				ENABLE_STRICT_OBJC_MSGSEND = YES;
				GCC_C_LANGUAGE_STANDARD = gnu11;
				GCC_NO_COMMON_BLOCKS = YES;
				GCC_WARN_64_TO_32_BIT_CONVERSION = YES;
				GCC_WARN_ABOUT_RETURN_TYPE = YES_ERROR;
				GCC_WARN_UNDECLARED_SELECTOR = YES;
				GCC_WARN_UNINITIALIZED_AUTOS = YES_AGGRESSIVE;
				GCC_WARN_UNUSED_FUNCTION = YES;
				GCC_WARN_UNUSED_VARIABLE = YES;
				IPHONEOS_DEPLOYMENT_TARGET = 12.1;
				MTL_ENABLE_DEBUG_INFO = NO;
				MTL_FAST_MATH = YES;
				SDKROOT = iphoneos;
				SWIFT_COMPILATION_MODE = wholemodule;
				SWIFT_OPTIMIZATION_LEVEL = "-O";
				VALIDATE_PRODUCT = YES;
			};
			name = Release;
		};
		07222C4B21D355EF00D54886 /* Debug */ = {
			isa = XCBuildConfiguration;
			buildSettings = {
				ASSETCATALOG_COMPILER_APPICON_NAME = AppIcon;
				CODE_SIGN_STYLE = Automatic;
				DEVELOPMENT_TEAM = K442TLVK77;
				INFOPLIST_FILE = ProtocolGetSetVarLet/Info.plist;
				LD_RUNPATH_SEARCH_PATHS = (
					"$(inherited)",
					"@executable_path/Frameworks",
				);
				PRODUCT_BUNDLE_IDENTIFIER = NukleusSoft.ProtocolGetSetVarLet;
				PRODUCT_NAME = "$(TARGET_NAME)";
				SWIFT_VERSION = 4.2;
				TARGETED_DEVICE_FAMILY = "1,2";
			};
			name = Debug;
		};
		07222C4C21D355EF00D54886 /* Release */ = {
			isa = XCBuildConfiguration;
			buildSettings = {
				ASSETCATALOG_COMPILER_APPICON_NAME = AppIcon;
				CODE_SIGN_STYLE = Automatic;
				DEVELOPMENT_TEAM = K442TLVK77;
				INFOPLIST_FILE = ProtocolGetSetVarLet/Info.plist;
				LD_RUNPATH_SEARCH_PATHS = (
					"$(inherited)",
					"@executable_path/Frameworks",
				);
				PRODUCT_BUNDLE_IDENTIFIER = NukleusSoft.ProtocolGetSetVarLet;
				PRODUCT_NAME = "$(TARGET_NAME)";
				SWIFT_VERSION = 4.2;
				TARGETED_DEVICE_FAMILY = "1,2";
			};
			name = Release;
		};
		07222C4E21D355EF00D54886 /* Debug */ = {
			isa = XCBuildConfiguration;
			buildSettings = {
				ALWAYS_EMBED_SWIFT_STANDARD_LIBRARIES = YES;
				BUNDLE_LOADER = "$(TEST_HOST)";
				CODE_SIGN_STYLE = Automatic;
				DEVELOPMENT_TEAM = K442TLVK77;
				INFOPLIST_FILE = ProtocolGetSetVarLetTests/Info.plist;
				LD_RUNPATH_SEARCH_PATHS = (
					"$(inherited)",
					"@executable_path/Frameworks",
					"@loader_path/Frameworks",
				);
				PRODUCT_BUNDLE_IDENTIFIER = NukleusSoft.ProtocolGetSetVarLetTests;
				PRODUCT_NAME = "$(TARGET_NAME)";
				SWIFT_VERSION = 4.2;
				TARGETED_DEVICE_FAMILY = "1,2";
				TEST_HOST = "$(BUILT_PRODUCTS_DIR)/ProtocolGetSetVarLet.app/ProtocolGetSetVarLet";
			};
			name = Debug;
		};
		07222C4F21D355EF00D54886 /* Release */ = {
			isa = XCBuildConfiguration;
			buildSettings = {
				ALWAYS_EMBED_SWIFT_STANDARD_LIBRARIES = YES;
				BUNDLE_LOADER = "$(TEST_HOST)";
				CODE_SIGN_STYLE = Automatic;
				DEVELOPMENT_TEAM = K442TLVK77;
				INFOPLIST_FILE = ProtocolGetSetVarLetTests/Info.plist;
				LD_RUNPATH_SEARCH_PATHS = (
					"$(inherited)",
					"@executable_path/Frameworks",
					"@loader_path/Frameworks",
				);
				PRODUCT_BUNDLE_IDENTIFIER = NukleusSoft.ProtocolGetSetVarLetTests;
				PRODUCT_NAME = "$(TARGET_NAME)";
				SWIFT_VERSION = 4.2;
				TARGETED_DEVICE_FAMILY = "1,2";
				TEST_HOST = "$(BUILT_PRODUCTS_DIR)/ProtocolGetSetVarLet.app/ProtocolGetSetVarLet";
			};
			name = Release;
		};
/* End XCBuildConfiguration section */

/* Begin XCConfigurationList section */
		07222C2821D355ED00D54886 /* Build configuration list for PBXProject "ProtocolGetSetVarLet" */ = {
			isa = XCConfigurationList;
			buildConfigurations = (
				07222C4821D355EF00D54886 /* Debug */,
				07222C4921D355EF00D54886 /* Release */,
			);
			defaultConfigurationIsVisible = 0;
			defaultConfigurationName = Release;
		};
		07222C4A21D355EF00D54886 /* Build configuration list for PBXNativeTarget "ProtocolGetSetVarLet" */ = {
			isa = XCConfigurationList;
			buildConfigurations = (
				07222C4B21D355EF00D54886 /* Debug */,
				07222C4C21D355EF00D54886 /* Release */,
			);
			defaultConfigurationIsVisible = 0;
			defaultConfigurationName = Release;
		};
		07222C4D21D355EF00D54886 /* Build configuration list for PBXNativeTarget "ProtocolGetSetVarLetTests" */ = {
			isa = XCConfigurationList;
			buildConfigurations = (
				07222C4E21D355EF00D54886 /* Debug */,
				07222C4F21D355EF00D54886 /* Release */,
			);
			defaultConfigurationIsVisible = 0;
			defaultConfigurationName = Release;
		};
/* End XCConfigurationList section */
	};
	rootObject = 07222C2521D355ED00D54886 /* Project object */;
}
